// !$*UTF8*$!
{
	archiveVersion = 1;
	classes = {
	};
	objectVersion = 56;
	objects = {

/* Begin PBXBuildFile section */
		EB43369F296E5CC800AB9B5D /* AppDelegate.swift in Sources */ = {isa = PBXBuildFile; fileRef = EB43369E296E5CC800AB9B5D /* AppDelegate.swift */; };
		EB4336A1296E5CC800AB9B5D /* SceneDelegate.swift in Sources */ = {isa = PBXBuildFile; fileRef = EB4336A0296E5CC800AB9B5D /* SceneDelegate.swift */; };
		EB4336A3296E5CC800AB9B5D /* ViewControllerA.swift in Sources */ = {isa = PBXBuildFile; fileRef = EB4336A2296E5CC800AB9B5D /* ViewControllerA.swift */; };
		EB4336A8296E5CC900AB9B5D /* Assets.xcassets in Resources */ = {isa = PBXBuildFile; fileRef = EB4336A7296E5CC900AB9B5D /* Assets.xcassets */; };
		EB4336AB296E5CC900AB9B5D /* LaunchScreen.storyboard in Resources */ = {isa = PBXBuildFile; fileRef = EB4336A9296E5CC900AB9B5D /* LaunchScreen.storyboard */; };
		EB4336B5296E5D8D00AB9B5D /* Coordinator.swift in Sources */ = {isa = PBXBuildFile; fileRef = EB4336B4296E5D8D00AB9B5D /* Coordinator.swift */; };
		EB4336B7296E609000AB9B5D /* ViewControllerB.swift in Sources */ = {isa = PBXBuildFile; fileRef = EB4336B6296E609000AB9B5D /* ViewControllerB.swift */; };
		EB4336B9296E60A400AB9B5D /* ViewControllerC.swift in Sources */ = {isa = PBXBuildFile; fileRef = EB4336B8296E60A400AB9B5D /* ViewControllerC.swift */; };
		EB4336BB296E615C00AB9B5D /* ViewA.storyboard in Resources */ = {isa = PBXBuildFile; fileRef = EB4336BA296E615C00AB9B5D /* ViewA.storyboard */; };
/* End PBXBuildFile section */

/* Begin PBXFileReference section */
		EB43369B296E5CC800AB9B5D /* CoordinatorUIKit.app */ = {isa = PBXFileReference; explicitFileType = wrapper.application; includeInIndex = 0; path = CoordinatorUIKit.app; sourceTree = BUILT_PRODUCTS_DIR; };
		EB43369E296E5CC800AB9B5D /* AppDelegate.swift */ = {isa = PBXFileReference; lastKnownFileType = sourcecode.swift; path = AppDelegate.swift; sourceTree = "<group>"; };
		EB4336A0296E5CC800AB9B5D /* SceneDelegate.swift */ = {isa = PBXFileReference; lastKnownFileType = sourcecode.swift; path = SceneDelegate.swift; sourceTree = "<group>"; };
		EB4336A2296E5CC800AB9B5D /* ViewControllerA.swift */ = {isa = PBXFileReference; lastKnownFileType = sourcecode.swift; path = ViewControllerA.swift; sourceTree = "<group>"; };
		EB4336A7296E5CC900AB9B5D /* Assets.xcassets */ = {isa = PBXFileReference; lastKnownFileType = folder.assetcatalog; path = Assets.xcassets; sourceTree = "<group>"; };
		EB4336AA296E5CC900AB9B5D /* Base */ = {isa = PBXFileReference; lastKnownFileType = file.storyboard; name = Base; path = Base.lproj/LaunchScreen.storyboard; sourceTree = "<group>"; };
		EB4336AC296E5CC900AB9B5D /* Info.plist */ = {isa = PBXFileReference; lastKnownFileType = text.plist.xml; path = Info.plist; sourceTree = "<group>"; };
		EB4336B4296E5D8D00AB9B5D /* Coordinator.swift */ = {isa = PBXFileReference; lastKnownFileType = sourcecode.swift; path = Coordinator.swift; sourceTree = "<group>"; };
		EB4336B6296E609000AB9B5D /* ViewControllerB.swift */ = {isa = PBXFileReference; lastKnownFileType = sourcecode.swift; path = ViewControllerB.swift; sourceTree = "<group>"; };
		EB4336B8296E60A400AB9B5D /* ViewControllerC.swift */ = {isa = PBXFileReference; lastKnownFileType = sourcecode.swift; path = ViewControllerC.swift; sourceTree = "<group>"; };
		EB4336BA296E615C00AB9B5D /* ViewA.storyboard */ = {isa = PBXFileReference; lastKnownFileType = file.storyboard; path = ViewA.storyboard; sourceTree = "<group>"; };
/* End PBXFileReference section */

/* Begin PBXFrameworksBuildPhase section */
		EB433698296E5CC800AB9B5D /* Frameworks */ = {
			isa = PBXFrameworksBuildPhase;
			buildActionMask = 2147483647;
			files = (
			);
			runOnlyForDeploymentPostprocessing = 0;
		};
/* End PBXFrameworksBuildPhase section */

/* Begin PBXGroup section */
		EB433692296E5CC800AB9B5D = {
			isa = PBXGroup;
			children = (
				EB43369D296E5CC800AB9B5D /* CoordinatorUIKit */,
				EB43369C296E5CC800AB9B5D /* Products */,
			);
			sourceTree = "<group>";
		};
		EB43369C296E5CC800AB9B5D /* Products */ = {
			isa = PBXGroup;
			children = (
				EB43369B296E5CC800AB9B5D /* CoordinatorUIKit.app */,
			);
			name = Products;
			sourceTree = "<group>";
		};
		EB43369D296E5CC800AB9B5D /* CoordinatorUIKit */ = {
			isa = PBXGroup;
			children = (
				EB4336B2296E5D3D00AB9B5D /* Coordinator */,
				EB4336B3296E5D4B00AB9B5D /* ViewControllers */,
				EB43369E296E5CC800AB9B5D /* AppDelegate.swift */,
				EB4336A0296E5CC800AB9B5D /* SceneDelegate.swift */,
				EB4336A7296E5CC900AB9B5D /* Assets.xcassets */,
				EB4336A9296E5CC900AB9B5D /* LaunchScreen.storyboard */,
				EB4336AC296E5CC900AB9B5D /* Info.plist */,
			);
			path = CoordinatorUIKit;
			sourceTree = "<group>";
		};
		EB4336B2296E5D3D00AB9B5D /* Coordinator */ = {
			isa = PBXGroup;
			children = (
				EB4336B4296E5D8D00AB9B5D /* Coordinator.swift */,
			);
			path = Coordinator;
			sourceTree = "<group>";
		};
		EB4336B3296E5D4B00AB9B5D /* ViewControllers */ = {
			isa = PBXGroup;
			children = (
				EB4336BC296E616500AB9B5D /* A */,
				EB4336BD296E6BE200AB9B5D /* B */,
				EB4336BE296E70AE00AB9B5D /* C */,
			);
			path = ViewControllers;
			sourceTree = "<group>";
		};
		EB4336BC296E616500AB9B5D /* A */ = {
			isa = PBXGroup;
			children = (
				EB4336A2296E5CC800AB9B5D /* ViewControllerA.swift */,
				EB4336BA296E615C00AB9B5D /* ViewA.storyboard */,
			);
			path = A;
			sourceTree = "<group>";
		};
		EB4336BD296E6BE200AB9B5D /* B */ = {
			isa = PBXGroup;
			children = (
				EB4336B6296E609000AB9B5D /* ViewControllerB.swift */,
			);
			path = B;
			sourceTree = "<group>";
		};
		EB4336BE296E70AE00AB9B5D /* C */ = {
			isa = PBXGroup;
			children = (
				EB4336B8296E60A400AB9B5D /* ViewControllerC.swift */,
			);
			path = C;
			sourceTree = "<group>";
		};
/* End PBXGroup section */

/* Begin PBXNativeTarget section */
		EB43369A296E5CC800AB9B5D /* CoordinatorUIKit */ = {
			isa = PBXNativeTarget;
			buildConfigurationList = EB4336AF296E5CC900AB9B5D /* Build configuration list for PBXNativeTarget "CoordinatorUIKit" */;
			buildPhases = (
				EB433697296E5CC800AB9B5D /* Sources */,
				EB433698296E5CC800AB9B5D /* Frameworks */,
				EB433699296E5CC800AB9B5D /* Resources */,
			);
			buildRules = (
			);
			dependencies = (
			);
			name = CoordinatorUIKit;
			productName = CoordinatorUIKit;
			productReference = EB43369B296E5CC800AB9B5D /* CoordinatorUIKit.app */;
			productType = "com.apple.product-type.application";
		};
/* End PBXNativeTarget section */

/* Begin PBXProject section */
		EB433693296E5CC800AB9B5D /* Project object */ = {
			isa = PBXProject;
			attributes = {
				BuildIndependentTargetsInParallel = 1;
				LastSwiftUpdateCheck = 1420;
				LastUpgradeCheck = 1420;
				TargetAttributes = {
					EB43369A296E5CC800AB9B5D = {
						CreatedOnToolsVersion = 14.2;
					};
				};
			};
			buildConfigurationList = EB433696296E5CC800AB9B5D /* Build configuration list for PBXProject "CoordinatorUIKit" */;
			compatibilityVersion = "Xcode 14.0";
			developmentRegion = en;
			hasScannedForEncodings = 0;
			knownRegions = (
				en,
				Base,
			);
			mainGroup = EB433692296E5CC800AB9B5D;
			productRefGroup = EB43369C296E5CC800AB9B5D /* Products */;
			projectDirPath = "";
			projectRoot = "";
			targets = (
				EB43369A296E5CC800AB9B5D /* CoordinatorUIKit */,
			);
		};
/* End PBXProject section */

/* Begin PBXResourcesBuildPhase section */
		EB433699296E5CC800AB9B5D /* Resources */ = {
			isa = PBXResourcesBuildPhase;
			buildActionMask = 2147483647;
			files = (
				EB4336AB296E5CC900AB9B5D /* LaunchScreen.storyboard in Resources */,
				EB4336A8296E5CC900AB9B5D /* Assets.xcassets in Resources */,
				EB4336BB296E615C00AB9B5D /* ViewA.storyboard in Resources */,
			);
			runOnlyForDeploymentPostprocessing = 0;
		};
/* End PBXResourcesBuildPhase section */

/* Begin PBXSourcesBuildPhase section */
		EB433697296E5CC800AB9B5D /* Sources */ = {
			isa = PBXSourcesBuildPhase;
			buildActionMask = 2147483647;
			files = (
				EB4336B9296E60A400AB9B5D /* ViewControllerC.swift in Sources */,
				EB4336B5296E5D8D00AB9B5D /* Coordinator.swift in Sources */,
				EB4336A3296E5CC800AB9B5D /* ViewControllerA.swift in Sources */,
				EB4336B7296E609000AB9B5D /* ViewControllerB.swift in Sources */,
				EB43369F296E5CC800AB9B5D /* AppDelegate.swift in Sources */,
				EB4336A1296E5CC800AB9B5D /* SceneDelegate.swift in Sources */,
			);
			runOnlyForDeploymentPostprocessing = 0;
		};
/* End PBXSourcesBuildPhase section */

/* Begin PBXVariantGroup section */
		EB4336A9296E5CC900AB9B5D /* LaunchScreen.storyboard */ = {
			isa = PBXVariantGroup;
			children = (
				EB4336AA296E5CC900AB9B5D /* Base */,
			);
			name = LaunchScreen.storyboard;
			sourceTree = "<group>";
		};
/* End PBXVariantGroup section */

/* Begin XCBuildConfiguration section */
		EB4336AD296E5CC900AB9B5D /* Debug */ = {
			isa = XCBuildConfiguration;
			buildSettings = {
				ALWAYS_SEARCH_USER_PATHS = NO;
				CLANG_ANALYZER_NONNULL = YES;
				CLANG_ANALYZER_NUMBER_OBJECT_CONVERSION = YES_AGGRESSIVE;
				CLANG_CXX_LANGUAGE_STANDARD = "gnu++20";
				CLANG_ENABLE_MODULES = YES;
				CLANG_ENABLE_OBJC_ARC = YES;
				CLANG_ENABLE_OBJC_WEAK = YES;
				CLANG_WARN_BLOCK_CAPTURE_AUTORELEASING = YES;
				CLANG_WARN_BOOL_CONVERSION = YES;
				CLANG_WARN_COMMA = YES;
				CLANG_WARN_CONSTANT_CONVERSION = YES;
				CLANG_WARN_DEPRECATED_OBJC_IMPLEMENTATIONS = YES;
				CLANG_WARN_DIRECT_OBJC_ISA_USAGE = YES_ERROR;
				CLANG_WARN_DOCUMENTATION_COMMENTS = YES;
				CLANG_WARN_EMPTY_BODY = YES;
				CLANG_WARN_ENUM_CONVERSION = YES;
				CLANG_WARN_INFINITE_RECURSION = YES;
				CLANG_WARN_INT_CONVERSION = YES;
				CLANG_WARN_NON_LITERAL_NULL_CONVERSION = YES;
				CLANG_WARN_OBJC_IMPLICIT_RETAIN_SELF = YES;
				CLANG_WARN_OBJC_LITERAL_CONVERSION = YES;
				CLANG_WARN_OBJC_ROOT_CLASS = YES_ERROR;
				CLANG_WARN_QUOTED_INCLUDE_IN_FRAMEWORK_HEADER = YES;
				CLANG_WARN_RANGE_LOOP_ANALYSIS = YES;
				CLANG_WARN_STRICT_PROTOTYPES = YES;
				CLANG_WARN_SUSPICIOUS_MOVE = YES;
				CLANG_WARN_UNGUARDED_AVAILABILITY = YES_AGGRESSIVE;
				CLANG_WARN_UNREACHABLE_CODE = YES;
				CLANG_WARN__DUPLICATE_METHOD_MATCH = YES;
				COPY_PHASE_STRIP = NO;
				DEBUG_INFORMATION_FORMAT = dwarf;
				ENABLE_STRICT_OBJC_MSGSEND = YES;
				ENABLE_TESTABILITY = YES;
				GCC_C_LANGUAGE_STANDARD = gnu11;
				GCC_DYNAMIC_NO_PIC = NO;
				GCC_NO_COMMON_BLOCKS = YES;
				GCC_OPTIMIZATION_LEVEL = 0;
				GCC_PREPROCESSOR_DEFINITIONS = (
					"DEBUG=1",
					"$(inherited)",
				);
				GCC_WARN_64_TO_32_BIT_CONVERSION = YES;
				GCC_WARN_ABOUT_RETURN_TYPE = YES_ERROR;
				GCC_WARN_UNDECLARED_SELECTOR = YES;
				GCC_WARN_UNINITIALIZED_AUTOS = YES_AGGRESSIVE;
				GCC_WARN_UNUSED_FUNCTION = YES;
				GCC_WARN_UNUSED_VARIABLE = YES;
				IPHONEOS_DEPLOYMENT_TARGET = 16.2;
				MTL_ENABLE_DEBUG_INFO = INCLUDE_SOURCE;
				MTL_FAST_MATH = YES;
				ONLY_ACTIVE_ARCH = YES;
				SDKROOT = iphoneos;
				SWIFT_ACTIVE_COMPILATION_CONDITIONS = DEBUG;
				SWIFT_OPTIMIZATION_LEVEL = "-Onone";
			};
			name = Debug;
		};
		EB4336AE296E5CC900AB9B5D /* Release */ = {
			isa = XCBuildConfiguration;
			buildSettings = {
				ALWAYS_SEARCH_USER_PATHS = NO;
				CLANG_ANALYZER_NONNULL = YES;
				CLANG_ANALYZER_NUMBER_OBJECT_CONVERSION = YES_AGGRESSIVE;
				CLANG_CXX_LANGUAGE_STANDARD = "gnu++20";
				CLANG_ENABLE_MODULES = YES;
				CLANG_ENABLE_OBJC_ARC = YES;
				CLANG_ENABLE_OBJC_WEAK = YES;
				CLANG_WARN_BLOCK_CAPTURE_AUTORELEASING = YES;
				CLANG_WARN_BOOL_CONVERSION = YES;
				CLANG_WARN_COMMA = YES;
				CLANG_WARN_CONSTANT_CONVERSION = YES;
				CLANG_WARN_DEPRECATED_OBJC_IMPLEMENTATIONS = YES;
				CLANG_WARN_DIRECT_OBJC_ISA_USAGE = YES_ERROR;
				CLANG_WARN_DOCUMENTATION_COMMENTS = YES;
				CLANG_WARN_EMPTY_BODY = YES;
				CLANG_WARN_ENUM_CONVERSION = YES;
				CLANG_WARN_INFINITE_RECURSION = YES;
				CLANG_WARN_INT_CONVERSION = YES;
				CLANG_WARN_NON_LITERAL_NULL_CONVERSION = YES;
				CLANG_WARN_OBJC_IMPLICIT_RETAIN_SELF = YES;
				CLANG_WARN_OBJC_LITERAL_CONVERSION = YES;
				CLANG_WARN_OBJC_ROOT_CLASS = YES_ERROR;
				CLANG_WARN_QUOTED_INCLUDE_IN_FRAMEWORK_HEADER = YES;
				CLANG_WARN_RANGE_LOOP_ANALYSIS = YES;
				CLANG_WARN_STRICT_PROTOTYPES = YES;
				CLANG_WARN_SUSPICIOUS_MOVE = YES;
				CLANG_WARN_UNGUARDED_AVAILABILITY = YES_AGGRESSIVE;
				CLANG_WARN_UNREACHABLE_CODE = YES;
				CLANG_WARN__DUPLICATE_METHOD_MATCH = YES;
				COPY_PHASE_STRIP = NO;
				DEBUG_INFORMATION_FORMAT = "dwarf-with-dsym";
				ENABLE_NS_ASSERTIONS = NO;
				ENABLE_STRICT_OBJC_MSGSEND = YES;
				GCC_C_LANGUAGE_STANDARD = gnu11;
				GCC_NO_COMMON_BLOCKS = YES;
				GCC_WARN_64_TO_32_BIT_CONVERSION = YES;
				GCC_WARN_ABOUT_RETURN_TYPE = YES_ERROR;
				GCC_WARN_UNDECLARED_SELECTOR = YES;
				GCC_WARN_UNINITIALIZED_AUTOS = YES_AGGRESSIVE;
				GCC_WARN_UNUSED_FUNCTION = YES;
				GCC_WARN_UNUSED_VARIABLE = YES;
				IPHONEOS_DEPLOYMENT_TARGET = 16.2;
				MTL_ENABLE_DEBUG_INFO = NO;
				MTL_FAST_MATH = YES;
				SDKROOT = iphoneos;
				SWIFT_COMPILATION_MODE = wholemodule;
				SWIFT_OPTIMIZATION_LEVEL = "-O";
				VALIDATE_PRODUCT = YES;
			};
			name = Release;
		};
		EB4336B0296E5CC900AB9B5D /* Debug */ = {
			isa = XCBuildConfiguration;
			buildSettings = {
				ASSETCATALOG_COMPILER_APPICON_NAME = AppIcon;
				ASSETCATALOG_COMPILER_GLOBAL_ACCENT_COLOR_NAME = AccentColor;
				CODE_SIGN_STYLE = Automatic;
				CURRENT_PROJECT_VERSION = 1;
				DEVELOPMENT_TEAM = Q4X8GBD5XV;
				GENERATE_INFOPLIST_FILE = YES;
				INFOPLIST_FILE = CoordinatorUIKit/Info.plist;
				INFOPLIST_KEY_UIApplicationSupportsIndirectInputEvents = YES;
				INFOPLIST_KEY_UILaunchStoryboardName = LaunchScreen;
				INFOPLIST_KEY_UIMainStoryboardFile = "";
				INFOPLIST_KEY_UISupportedInterfaceOrientations_iPad = "UIInterfaceOrientationPortrait UIInterfaceOrientationPortraitUpsideDown UIInterfaceOrientationLandscapeLeft UIInterfaceOrientationLandscapeRight";
				INFOPLIST_KEY_UISupportedInterfaceOrientations_iPhone = "UIInterfaceOrientationPortrait UIInterfaceOrientationLandscapeLeft UIInterfaceOrientationLandscapeRight";
				LD_RUNPATH_SEARCH_PATHS = (
					"$(inherited)",
					"@executable_path/Frameworks",
				);
				MARKETING_VERSION = 1.0;
				PRODUCT_BUNDLE_IDENTIFIER = com.example.CoordinatorUIKit;
				PRODUCT_NAME = "$(TARGET_NAME)";
				SWIFT_EMIT_LOC_STRINGS = YES;
				SWIFT_VERSION = 5.0;
				TARGETED_DEVICE_FAMILY = "1,2";
			};
			name = Debug;
		};
		EB4336B1296E5CC900AB9B5D /* Release */ = {
			isa = XCBuildConfiguration;
			buildSettings = {
				ASSETCATALOG_COMPILER_APPICON_NAME = AppIcon;
				ASSETCATALOG_COMPILER_GLOBAL_ACCENT_COLOR_NAME = AccentColor;
				CODE_SIGN_STYLE = Automatic;
				CURRENT_PROJECT_VERSION = 1;
				DEVELOPMENT_TEAM = Q4X8GBD5XV;
				GENERATE_INFOPLIST_FILE = YES;
				INFOPLIST_FILE = CoordinatorUIKit/Info.plist;
				INFOPLIST_KEY_UIApplicationSupportsIndirectInputEvents = YES;
				INFOPLIST_KEY_UILaunchStoryboardName = LaunchScreen;
				INFOPLIST_KEY_UIMainStoryboardFile = "";
				INFOPLIST_KEY_UISupportedInterfaceOrientations_iPad = "UIInterfaceOrientationPortrait UIInterfaceOrientationPortraitUpsideDown UIInterfaceOrientationLandscapeLeft UIInterfaceOrientationLandscapeRight";
				INFOPLIST_KEY_UISupportedInterfaceOrientations_iPhone = "UIInterfaceOrientationPortrait UIInterfaceOrientationLandscapeLeft UIInterfaceOrientationLandscapeRight";
				LD_RUNPATH_SEARCH_PATHS = (
					"$(inherited)",
					"@executable_path/Frameworks",
				);
				MARKETING_VERSION = 1.0;
				PRODUCT_BUNDLE_IDENTIFIER = com.example.CoordinatorUIKit;
				PRODUCT_NAME = "$(TARGET_NAME)";
				SWIFT_EMIT_LOC_STRINGS = YES;
				SWIFT_VERSION = 5.0;
				TARGETED_DEVICE_FAMILY = "1,2";
			};
			name = Release;
		};
/* End XCBuildConfiguration section */

/* Begin XCConfigurationList section */
		EB433696296E5CC800AB9B5D /* Build configuration list for PBXProject "CoordinatorUIKit" */ = {
			isa = XCConfigurationList;
			buildConfigurations = (
				EB4336AD296E5CC900AB9B5D /* Debug */,
				EB4336AE296E5CC900AB9B5D /* Release */,
			);
			defaultConfigurationIsVisible = 0;
			defaultConfigurationName = Release;
		};
		EB4336AF296E5CC900AB9B5D /* Build configuration list for PBXNativeTarget "CoordinatorUIKit" */ = {
			isa = XCConfigurationList;
			buildConfigurations = (
				EB4336B0296E5CC900AB9B5D /* Debug */,
				EB4336B1296E5CC900AB9B5D /* Release */,
			);
			defaultConfigurationIsVisible = 0;
			defaultConfigurationName = Release;
		};
/* End XCConfigurationList section */
	};
	rootObject = EB433693296E5CC800AB9B5D /* Project object */;
}
